
Microsoft Visual Studio Solution File, Format Version 12.00
# Visual Studio Version 17
VisualStudioVersion = 17.1.32421.90
MinimumVisualStudioVersion = 10.0.40219.1
Project("{FAE04EC0-301F-11D3-BF4B-00C04F79EFBC}") = "SE1611_Group1_A2", "SE1611_Group1_A2\SE1611_Group1_A2.csproj", "{0ED57B30-901D-4056-A991-9F2DBEFF8E16}"
EndProject
Global
	GlobalSection(SolutionConfigurationPlatforms) = preSolution
		Debug|Any CPU = Debug|Any CPU
		Release|Any CPU = Release|Any CPU
	EndGlobalSection
	GlobalSection(ProjectConfigurationPlatforms) = postSolution
		{0ED57B30-901D-4056-A991-9F2DBEFF8E16}.Debug|Any CPU.ActiveCfg = Debug|Any CPU
		{0ED57B30-901D-4056-A991-9F2DBEFF8E16}.Debug|Any CPU.Build.0 = Debug|Any CPU
		{0ED57B30-901D-4056-A991-9F2DBEFF8E16}.Release|Any CPU.ActiveCfg = Release|Any CPU
		{0ED57B30-901D-4056-A991-9F2DBEFF8E16}.Release|Any CPU.Build.0 = Release|Any CPU
	EndGlobalSection
	GlobalSection(SolutionProperties) = preSolution
		HideSolutionNode = FALSE
	EndGlobalSection
	GlobalSection(ExtensibilityGlobals) = postSolution
		SolutionGuid = {7CBDC573-15F7-4409-AC44-5BFDBB610D46}
	EndGlobalSection
EndGlobal
